# THIS IS AN AUTOGENERATED FILE. DO NOT EDIT THIS FILE DIRECTLY.
# yarn lockfile v1


kleur@^3.0.2:
  version "3.0.3"
  resolved "https://registry.yarnpkg.com/kleur/-/kleur-3.0.3.tgz#a79c9ecc86ee1ce3fa6206d1216c501f147fc07e"

minimist@0.0.8:
  version "0.0.8"
  resolved "https://registry.yarnpkg.com/minimist/-/minimist-0.0.8.tgz#857fcabfc3397d2625b8228262e86aa7a011b05d"

mkdirp@^0.5.1:
  version "0.5.1"
  resolved "https://registry.yarnpkg.com/mkdirp/-/mkdirp-0.5.1.tgz#30057438eac6cf7f8c4767f38648d6697d75c903"
  dependencies:
    minimist "0.0.8"

mri@^1.1.0:
  version "1.1.4"
  resolved "https://registry.yarnpkg.com/mri/-/mri-1.1.4.tgz#7cb1dd1b9b40905f1fac053abe25b6720f44744a"

prompts@^2.1.0:
  version "2.1.0"
  resolved "https://registry.yarnpkg.com/prompts/-/prompts-2.1.0.tgz#bf90bc71f6065d255ea2bdc0fe6520485c1b45db"
  dependencies:
    kleur "^3.0.2"
    sisteransi "^1.0.0"

sade@^1.6.0:
  version "1.6.0"
  resolved "https://registry.yarnpkg.com/sade/-/sade-1.6.0.tgz#b865b18113a73291f2a480f2e911ad5e975923e6"
  dependencies:
    mri "^1.1.0"

sisteransi@^1.0.0:
  version "1.0.0"
  resolved "https://registry.yarnpkg.com/sisteransi/-/sisteransi-1.0.0.tgz#77d9622ff909080f1c19e5f4a1df0c1b0a27b88c"

templite@^1.1.0:
  version "1.1.0"
  resolved "https://registry.yarnpkg.com/templite/-/templite-1.1.0.tgz#4f2eab732234fdac996628427d72817b3a47ce06"
